// !$*UTF8*$!
{
	archiveVersion = 1;
	classes = {
	};
	objectVersion = 55;
	objects = {

/* Begin PBXBuildFile section */
		6E0678EA28808FF10025FF8E /* PracticeDashboardApp.swift in Sources */ = {isa = PBXBuildFile; fileRef = 6E0678E928808FF10025FF8E /* PracticeDashboardApp.swift */; };
		6E0678EE28808FF20025FF8E /* Assets.xcassets in Resources */ = {isa = PBXBuildFile; fileRef = 6E0678ED28808FF20025FF8E /* Assets.xcassets */; };
		6E0678F128808FF20025FF8E /* Preview Assets.xcassets in Resources */ = {isa = PBXBuildFile; fileRef = 6E0678F028808FF20025FF8E /* Preview Assets.xcassets */; };
		6E0678FB28808FF30025FF8E /* PracticeDashboardTests.swift in Sources */ = {isa = PBXBuildFile; fileRef = 6E0678FA28808FF30025FF8E /* PracticeDashboardTests.swift */; };
		6E06790528808FF30025FF8E /* PracticeDashboardUITests.swift in Sources */ = {isa = PBXBuildFile; fileRef = 6E06790428808FF30025FF8E /* PracticeDashboardUITests.swift */; };
		6E06790728808FF30025FF8E /* PracticeDashboardUITestsLaunchTests.swift in Sources */ = {isa = PBXBuildFile; fileRef = 6E06790628808FF30025FF8E /* PracticeDashboardUITestsLaunchTests.swift */; };
		6E067916288090630025FF8E /* DashboardMainView.swift in Sources */ = {isa = PBXBuildFile; fileRef = 6E067915288090630025FF8E /* DashboardMainView.swift */; };
		6E0679182880C1230025FF8E /* VisitListView.swift in Sources */ = {isa = PBXBuildFile; fileRef = 6E0679172880C1230025FF8E /* VisitListView.swift */; };
/* End PBXBuildFile section */

/* Begin PBXContainerItemProxy section */
		6E0678F728808FF30025FF8E /* PBXContainerItemProxy */ = {
			isa = PBXContainerItemProxy;
			containerPortal = 6E0678DE28808FF10025FF8E /* Project object */;
			proxyType = 1;
			remoteGlobalIDString = 6E0678E528808FF10025FF8E;
			remoteInfo = PracticeDashboard;
		};
		6E06790128808FF30025FF8E /* PBXContainerItemProxy */ = {
			isa = PBXContainerItemProxy;
			containerPortal = 6E0678DE28808FF10025FF8E /* Project object */;
			proxyType = 1;
			remoteGlobalIDString = 6E0678E528808FF10025FF8E;
			remoteInfo = PracticeDashboard;
		};
/* End PBXContainerItemProxy section */

/* Begin PBXFileReference section */
		6E0678E628808FF10025FF8E /* PracticeDashboard.app */ = {isa = PBXFileReference; explicitFileType = wrapper.application; includeInIndex = 0; path = PracticeDashboard.app; sourceTree = BUILT_PRODUCTS_DIR; };
		6E0678E928808FF10025FF8E /* PracticeDashboardApp.swift */ = {isa = PBXFileReference; lastKnownFileType = sourcecode.swift; path = PracticeDashboardApp.swift; sourceTree = "<group>"; };
		6E0678ED28808FF20025FF8E /* Assets.xcassets */ = {isa = PBXFileReference; lastKnownFileType = folder.assetcatalog; path = Assets.xcassets; sourceTree = "<group>"; };
		6E0678F028808FF20025FF8E /* Preview Assets.xcassets */ = {isa = PBXFileReference; lastKnownFileType = folder.assetcatalog; path = "Preview Assets.xcassets"; sourceTree = "<group>"; };
		6E0678F628808FF30025FF8E /* PracticeDashboardTests.xctest */ = {isa = PBXFileReference; explicitFileType = wrapper.cfbundle; includeInIndex = 0; path = PracticeDashboardTests.xctest; sourceTree = BUILT_PRODUCTS_DIR; };
		6E0678FA28808FF30025FF8E /* PracticeDashboardTests.swift */ = {isa = PBXFileReference; lastKnownFileType = sourcecode.swift; path = PracticeDashboardTests.swift; sourceTree = "<group>"; };
		6E06790028808FF30025FF8E /* PracticeDashboardUITests.xctest */ = {isa = PBXFileReference; explicitFileType = wrapper.cfbundle; includeInIndex = 0; path = PracticeDashboardUITests.xctest; sourceTree = BUILT_PRODUCTS_DIR; };
		6E06790428808FF30025FF8E /* PracticeDashboardUITests.swift */ = {isa = PBXFileReference; lastKnownFileType = sourcecode.swift; path = PracticeDashboardUITests.swift; sourceTree = "<group>"; };
		6E06790628808FF30025FF8E /* PracticeDashboardUITestsLaunchTests.swift */ = {isa = PBXFileReference; lastKnownFileType = sourcecode.swift; path = PracticeDashboardUITestsLaunchTests.swift; sourceTree = "<group>"; };
		6E067915288090630025FF8E /* DashboardMainView.swift */ = {isa = PBXFileReference; lastKnownFileType = sourcecode.swift; path = DashboardMainView.swift; sourceTree = "<group>"; };
		6E0679172880C1230025FF8E /* VisitListView.swift */ = {isa = PBXFileReference; lastKnownFileType = sourcecode.swift; path = VisitListView.swift; sourceTree = "<group>"; };
/* End PBXFileReference section */

/* Begin PBXFrameworksBuildPhase section */
		6E0678E328808FF10025FF8E /* Frameworks */ = {
			isa = PBXFrameworksBuildPhase;
			buildActionMask = 2147483647;
			files = (
			);
			runOnlyForDeploymentPostprocessing = 0;
		};
		6E0678F328808FF30025FF8E /* Frameworks */ = {
			isa = PBXFrameworksBuildPhase;
			buildActionMask = 2147483647;
			files = (
			);
			runOnlyForDeploymentPostprocessing = 0;
		};
		6E0678FD28808FF30025FF8E /* Frameworks */ = {
			isa = PBXFrameworksBuildPhase;
			buildActionMask = 2147483647;
			files = (
			);
			runOnlyForDeploymentPostprocessing = 0;
		};
/* End PBXFrameworksBuildPhase section */

/* Begin PBXGroup section */
		6E0678DD28808FF10025FF8E = {
			isa = PBXGroup;
			children = (
				6E0678E828808FF10025FF8E /* PracticeDashboard */,
				6E0678F928808FF30025FF8E /* PracticeDashboardTests */,
				6E06790328808FF30025FF8E /* PracticeDashboardUITests */,
				6E0678E728808FF10025FF8E /* Products */,
			);
			sourceTree = "<group>";
		};
		6E0678E728808FF10025FF8E /* Products */ = {
			isa = PBXGroup;
			children = (
				6E0678E628808FF10025FF8E /* PracticeDashboard.app */,
				6E0678F628808FF30025FF8E /* PracticeDashboardTests.xctest */,
				6E06790028808FF30025FF8E /* PracticeDashboardUITests.xctest */,
			);
			name = Products;
			sourceTree = "<group>";
		};
		6E0678E828808FF10025FF8E /* PracticeDashboard */ = {
			isa = PBXGroup;
			children = (
				6E0678E928808FF10025FF8E /* PracticeDashboardApp.swift */,
				6E067915288090630025FF8E /* DashboardMainView.swift */,
				6E0679172880C1230025FF8E /* VisitListView.swift */,
				6E0678ED28808FF20025FF8E /* Assets.xcassets */,
				6E0678EF28808FF20025FF8E /* Preview Content */,
			);
			path = PracticeDashboard;
			sourceTree = "<group>";
		};
		6E0678EF28808FF20025FF8E /* Preview Content */ = {
			isa = PBXGroup;
			children = (
				6E0678F028808FF20025FF8E /* Preview Assets.xcassets */,
			);
			path = "Preview Content";
			sourceTree = "<group>";
		};
		6E0678F928808FF30025FF8E /* PracticeDashboardTests */ = {
			isa = PBXGroup;
			children = (
				6E0678FA28808FF30025FF8E /* PracticeDashboardTests.swift */,
			);
			path = PracticeDashboardTests;
			sourceTree = "<group>";
		};
		6E06790328808FF30025FF8E /* PracticeDashboardUITests */ = {
			isa = PBXGroup;
			children = (
				6E06790428808FF30025FF8E /* PracticeDashboardUITests.swift */,
				6E06790628808FF30025FF8E /* PracticeDashboardUITestsLaunchTests.swift */,
			);
			path = PracticeDashboardUITests;
			sourceTree = "<group>";
		};
/* End PBXGroup section */

/* Begin PBXNativeTarget section */
		6E0678E528808FF10025FF8E /* PracticeDashboard */ = {
			isa = PBXNativeTarget;
			buildConfigurationList = 6E06790A28808FF30025FF8E /* Build configuration list for PBXNativeTarget "PracticeDashboard" */;
			buildPhases = (
				6E0678E228808FF10025FF8E /* Sources */,
				6E0678E328808FF10025FF8E /* Frameworks */,
				6E0678E428808FF10025FF8E /* Resources */,
			);
			buildRules = (
			);
			dependencies = (
			);
			name = PracticeDashboard;
			productName = PracticeDashboard;
			productReference = 6E0678E628808FF10025FF8E /* PracticeDashboard.app */;
			productType = "com.apple.product-type.application";
		};
		6E0678F528808FF30025FF8E /* PracticeDashboardTests */ = {
			isa = PBXNativeTarget;
			buildConfigurationList = 6E06790D28808FF30025FF8E /* Build configuration list for PBXNativeTarget "PracticeDashboardTests" */;
			buildPhases = (
				6E0678F228808FF30025FF8E /* Sources */,
				6E0678F328808FF30025FF8E /* Frameworks */,
				6E0678F428808FF30025FF8E /* Resources */,
			);
			buildRules = (
			);
			dependencies = (
				6E0678F828808FF30025FF8E /* PBXTargetDependency */,
			);
			name = PracticeDashboardTests;
			productName = PracticeDashboardTests;
			productReference = 6E0678F628808FF30025FF8E /* PracticeDashboardTests.xctest */;
			productType = "com.apple.product-type.bundle.unit-test";
		};
		6E0678FF28808FF30025FF8E /* PracticeDashboardUITests */ = {
			isa = PBXNativeTarget;
			buildConfigurationList = 6E06791028808FF30025FF8E /* Build configuration list for PBXNativeTarget "PracticeDashboardUITests" */;
			buildPhases = (
				6E0678FC28808FF30025FF8E /* Sources */,
				6E0678FD28808FF30025FF8E /* Frameworks */,
				6E0678FE28808FF30025FF8E /* Resources */,
			);
			buildRules = (
			);
			dependencies = (
				6E06790228808FF30025FF8E /* PBXTargetDependency */,
			);
			name = PracticeDashboardUITests;
			productName = PracticeDashboardUITests;
			productReference = 6E06790028808FF30025FF8E /* PracticeDashboardUITests.xctest */;
			productType = "com.apple.product-type.bundle.ui-testing";
		};
/* End PBXNativeTarget section */

/* Begin PBXProject section */
		6E0678DE28808FF10025FF8E /* Project object */ = {
			isa = PBXProject;
			attributes = {
				BuildIndependentTargetsInParallel = 1;
				LastSwiftUpdateCheck = 1340;
				LastUpgradeCheck = 1340;
				TargetAttributes = {
					6E0678E528808FF10025FF8E = {
						CreatedOnToolsVersion = 13.4;
					};
					6E0678F528808FF30025FF8E = {
						CreatedOnToolsVersion = 13.4;
						TestTargetID = 6E0678E528808FF10025FF8E;
					};
					6E0678FF28808FF30025FF8E = {
						CreatedOnToolsVersion = 13.4;
						TestTargetID = 6E0678E528808FF10025FF8E;
					};
				};
			};
			buildConfigurationList = 6E0678E128808FF10025FF8E /* Build configuration list for PBXProject "PracticeDashboard" */;
			compatibilityVersion = "Xcode 13.0";
			developmentRegion = en;
			hasScannedForEncodings = 0;
			knownRegions = (
				en,
				Base,
			);
			mainGroup = 6E0678DD28808FF10025FF8E;
			productRefGroup = 6E0678E728808FF10025FF8E /* Products */;
			projectDirPath = "";
			projectRoot = "";
			targets = (
				6E0678E528808FF10025FF8E /* PracticeDashboard */,
				6E0678F528808FF30025FF8E /* PracticeDashboardTests */,
				6E0678FF28808FF30025FF8E /* PracticeDashboardUITests */,
			);
		};
/* End PBXProject section */

/* Begin PBXResourcesBuildPhase section */
		6E0678E428808FF10025FF8E /* Resources */ = {
			isa = PBXResourcesBuildPhase;
			buildActionMask = 2147483647;
			files = (
				6E0678F128808FF20025FF8E /* Preview Assets.xcassets in Resources */,
				6E0678EE28808FF20025FF8E /* Assets.xcassets in Resources */,
			);
			runOnlyForDeploymentPostprocessing = 0;
		};
		6E0678F428808FF30025FF8E /* Resources */ = {
			isa = PBXResourcesBuildPhase;
			buildActionMask = 2147483647;
			files = (
			);
			runOnlyForDeploymentPostprocessing = 0;
		};
		6E0678FE28808FF30025FF8E /* Resources */ = {
			isa = PBXResourcesBuildPhase;
			buildActionMask = 2147483647;
			files = (
			);
			runOnlyForDeploymentPostprocessing = 0;
		};
/* End PBXResourcesBuildPhase section */

/* Begin PBXSourcesBuildPhase section */
		6E0678E228808FF10025FF8E /* Sources */ = {
			isa = PBXSourcesBuildPhase;
			buildActionMask = 2147483647;
			files = (
				6E0678EA28808FF10025FF8E /* PracticeDashboardApp.swift in Sources */,
				6E067916288090630025FF8E /* DashboardMainView.swift in Sources */,
				6E0679182880C1230025FF8E /* VisitListView.swift in Sources */,
			);
			runOnlyForDeploymentPostprocessing = 0;
		};
		6E0678F228808FF30025FF8E /* Sources */ = {
			isa = PBXSourcesBuildPhase;
			buildActionMask = 2147483647;
			files = (
				6E0678FB28808FF30025FF8E /* PracticeDashboardTests.swift in Sources */,
			);
			runOnlyForDeploymentPostprocessing = 0;
		};
		6E0678FC28808FF30025FF8E /* Sources */ = {
			isa = PBXSourcesBuildPhase;
			buildActionMask = 2147483647;
			files = (
				6E06790728808FF30025FF8E /* PracticeDashboardUITestsLaunchTests.swift in Sources */,
				6E06790528808FF30025FF8E /* PracticeDashboardUITests.swift in Sources */,
			);
			runOnlyForDeploymentPostprocessing = 0;
		};
/* End PBXSourcesBuildPhase section */

/* Begin PBXTargetDependency section */
		6E0678F828808FF30025FF8E /* PBXTargetDependency */ = {
			isa = PBXTargetDependency;
			target = 6E0678E528808FF10025FF8E /* PracticeDashboard */;
			targetProxy = 6E0678F728808FF30025FF8E /* PBXContainerItemProxy */;
		};
		6E06790228808FF30025FF8E /* PBXTargetDependency */ = {
			isa = PBXTargetDependency;
			target = 6E0678E528808FF10025FF8E /* PracticeDashboard */;
			targetProxy = 6E06790128808FF30025FF8E /* PBXContainerItemProxy */;
		};
/* End PBXTargetDependency section */

/* Begin XCBuildConfiguration section */
		6E06790828808FF30025FF8E /* Debug */ = {
			isa = XCBuildConfiguration;
			buildSettings = {
				ALWAYS_SEARCH_USER_PATHS = NO;
				CLANG_ANALYZER_NONNULL = YES;
				CLANG_ANALYZER_NUMBER_OBJECT_CONVERSION = YES_AGGRESSIVE;
				CLANG_CXX_LANGUAGE_STANDARD = "gnu++17";
				CLANG_ENABLE_MODULES = YES;
				CLANG_ENABLE_OBJC_ARC = YES;
				CLANG_ENABLE_OBJC_WEAK = YES;
				CLANG_WARN_BLOCK_CAPTURE_AUTORELEASING = YES;
				CLANG_WARN_BOOL_CONVERSION = YES;
				CLANG_WARN_COMMA = YES;
				CLANG_WARN_CONSTANT_CONVERSION = YES;
				CLANG_WARN_DEPRECATED_OBJC_IMPLEMENTATIONS = YES;
				CLANG_WARN_DIRECT_OBJC_ISA_USAGE = YES_ERROR;
				CLANG_WARN_DOCUMENTATION_COMMENTS = YES;
				CLANG_WARN_EMPTY_BODY = YES;
				CLANG_WARN_ENUM_CONVERSION = YES;
				CLANG_WARN_INFINITE_RECURSION = YES;
				CLANG_WARN_INT_CONVERSION = YES;
				CLANG_WARN_NON_LITERAL_NULL_CONVERSION = YES;
				CLANG_WARN_OBJC_IMPLICIT_RETAIN_SELF = YES;
				CLANG_WARN_OBJC_LITERAL_CONVERSION = YES;
				CLANG_WARN_OBJC_ROOT_CLASS = YES_ERROR;
				CLANG_WARN_QUOTED_INCLUDE_IN_FRAMEWORK_HEADER = YES;
				CLANG_WARN_RANGE_LOOP_ANALYSIS = YES;
				CLANG_WARN_STRICT_PROTOTYPES = YES;
				CLANG_WARN_SUSPICIOUS_MOVE = YES;
				CLANG_WARN_UNGUARDED_AVAILABILITY = YES_AGGRESSIVE;
				CLANG_WARN_UNREACHABLE_CODE = YES;
				CLANG_WARN__DUPLICATE_METHOD_MATCH = YES;
				COPY_PHASE_STRIP = NO;
				DEBUG_INFORMATION_FORMAT = dwarf;
				ENABLE_STRICT_OBJC_MSGSEND = YES;
				ENABLE_TESTABILITY = YES;
				GCC_C_LANGUAGE_STANDARD = gnu11;
				GCC_DYNAMIC_NO_PIC = NO;
				GCC_NO_COMMON_BLOCKS = YES;
				GCC_OPTIMIZATION_LEVEL = 0;
				GCC_PREPROCESSOR_DEFINITIONS = (
					"DEBUG=1",
					"$(inherited)",
				);
				GCC_WARN_64_TO_32_BIT_CONVERSION = YES;
				GCC_WARN_ABOUT_RETURN_TYPE = YES_ERROR;
				GCC_WARN_UNDECLARED_SELECTOR = YES;
				GCC_WARN_UNINITIALIZED_AUTOS = YES_AGGRESSIVE;
				GCC_WARN_UNUSED_FUNCTION = YES;
				GCC_WARN_UNUSED_VARIABLE = YES;
				MTL_ENABLE_DEBUG_INFO = INCLUDE_SOURCE;
				MTL_FAST_MATH = YES;
				ONLY_ACTIVE_ARCH = YES;
				SDKROOT = appletvos;
				SWIFT_ACTIVE_COMPILATION_CONDITIONS = DEBUG;
				SWIFT_OPTIMIZATION_LEVEL = "-Onone";
				TVOS_DEPLOYMENT_TARGET = 15.4;
			};
			name = Debug;
		};
		6E06790928808FF30025FF8E /* Release */ = {
			isa = XCBuildConfiguration;
			buildSettings = {
				ALWAYS_SEARCH_USER_PATHS = NO;
				CLANG_ANALYZER_NONNULL = YES;
				CLANG_ANALYZER_NUMBER_OBJECT_CONVERSION = YES_AGGRESSIVE;
				CLANG_CXX_LANGUAGE_STANDARD = "gnu++17";
				CLANG_ENABLE_MODULES = YES;
				CLANG_ENABLE_OBJC_ARC = YES;
				CLANG_ENABLE_OBJC_WEAK = YES;
				CLANG_WARN_BLOCK_CAPTURE_AUTORELEASING = YES;
				CLANG_WARN_BOOL_CONVERSION = YES;
				CLANG_WARN_COMMA = YES;
				CLANG_WARN_CONSTANT_CONVERSION = YES;
				CLANG_WARN_DEPRECATED_OBJC_IMPLEMENTATIONS = YES;
				CLANG_WARN_DIRECT_OBJC_ISA_USAGE = YES_ERROR;
				CLANG_WARN_DOCUMENTATION_COMMENTS = YES;
				CLANG_WARN_EMPTY_BODY = YES;
				CLANG_WARN_ENUM_CONVERSION = YES;
				CLANG_WARN_INFINITE_RECURSION = YES;
				CLANG_WARN_INT_CONVERSION = YES;
				CLANG_WARN_NON_LITERAL_NULL_CONVERSION = YES;
				CLANG_WARN_OBJC_IMPLICIT_RETAIN_SELF = YES;
				CLANG_WARN_OBJC_LITERAL_CONVERSION = YES;
				CLANG_WARN_OBJC_ROOT_CLASS = YES_ERROR;
				CLANG_WARN_QUOTED_INCLUDE_IN_FRAMEWORK_HEADER = YES;
				CLANG_WARN_RANGE_LOOP_ANALYSIS = YES;
				CLANG_WARN_STRICT_PROTOTYPES = YES;
				CLANG_WARN_SUSPICIOUS_MOVE = YES;
				CLANG_WARN_UNGUARDED_AVAILABILITY = YES_AGGRESSIVE;
				CLANG_WARN_UNREACHABLE_CODE = YES;
				CLANG_WARN__DUPLICATE_METHOD_MATCH = YES;
				COPY_PHASE_STRIP = NO;
				DEBUG_INFORMATION_FORMAT = "dwarf-with-dsym";
				ENABLE_NS_ASSERTIONS = NO;
				ENABLE_STRICT_OBJC_MSGSEND = YES;
				GCC_C_LANGUAGE_STANDARD = gnu11;
				GCC_NO_COMMON_BLOCKS = YES;
				GCC_WARN_64_TO_32_BIT_CONVERSION = YES;
				GCC_WARN_ABOUT_RETURN_TYPE = YES_ERROR;
				GCC_WARN_UNDECLARED_SELECTOR = YES;
				GCC_WARN_UNINITIALIZED_AUTOS = YES_AGGRESSIVE;
				GCC_WARN_UNUSED_FUNCTION = YES;
				GCC_WARN_UNUSED_VARIABLE = YES;
				MTL_ENABLE_DEBUG_INFO = NO;
				MTL_FAST_MATH = YES;
				SDKROOT = appletvos;
				SWIFT_COMPILATION_MODE = wholemodule;
				SWIFT_OPTIMIZATION_LEVEL = "-O";
				TVOS_DEPLOYMENT_TARGET = 15.4;
				VALIDATE_PRODUCT = YES;
			};
			name = Release;
		};
		6E06790B28808FF30025FF8E /* Debug */ = {
			isa = XCBuildConfiguration;
			buildSettings = {
				ASSETCATALOG_COMPILER_APPICON_NAME = "App Icon & Top Shelf Image";
				ASSETCATALOG_COMPILER_GLOBAL_ACCENT_COLOR_NAME = AccentColor;
				CODE_SIGN_STYLE = Automatic;
				CURRENT_PROJECT_VERSION = 1;
				DEVELOPMENT_ASSET_PATHS = "\"PracticeDashboard/Preview Content\"";
				DEVELOPMENT_TEAM = B38SLMQ5V3;
				ENABLE_PREVIEWS = YES;
				GENERATE_INFOPLIST_FILE = YES;
				INFOPLIST_KEY_UILaunchScreen_Generation = YES;
				INFOPLIST_KEY_UIUserInterfaceStyle = Automatic;
				LD_RUNPATH_SEARCH_PATHS = (
					"$(inherited)",
					"@executable_path/Frameworks",
				);
				MARKETING_VERSION = 1.0;
				PRODUCT_BUNDLE_IDENTIFIER = com.Mitch.PracticeDashboard;
				PRODUCT_NAME = "$(TARGET_NAME)";
				SWIFT_EMIT_LOC_STRINGS = YES;
				SWIFT_VERSION = 5.0;
				TARGETED_DEVICE_FAMILY = 3;
			};
			name = Debug;
		};
		6E06790C28808FF30025FF8E /* Release */ = {
			isa = XCBuildConfiguration;
			buildSettings = {
				ASSETCATALOG_COMPILER_APPICON_NAME = "App Icon & Top Shelf Image";
				ASSETCATALOG_COMPILER_GLOBAL_ACCENT_COLOR_NAME = AccentColor;
				CODE_SIGN_STYLE = Automatic;
				CURRENT_PROJECT_VERSION = 1;
				DEVELOPMENT_ASSET_PATHS = "\"PracticeDashboard/Preview Content\"";
				DEVELOPMENT_TEAM = B38SLMQ5V3;
				ENABLE_PREVIEWS = YES;
				GENERATE_INFOPLIST_FILE = YES;
				INFOPLIST_KEY_UILaunchScreen_Generation = YES;
				INFOPLIST_KEY_UIUserInterfaceStyle = Automatic;
				LD_RUNPATH_SEARCH_PATHS = (
					"$(inherited)",
					"@executable_path/Frameworks",
				);
				MARKETING_VERSION = 1.0;
				PRODUCT_BUNDLE_IDENTIFIER = com.Mitch.PracticeDashboard;
				PRODUCT_NAME = "$(TARGET_NAME)";
				SWIFT_EMIT_LOC_STRINGS = YES;
				SWIFT_VERSION = 5.0;
				TARGETED_DEVICE_FAMILY = 3;
			};
			name = Release;
		};
		6E06790E28808FF30025FF8E /* Debug */ = {
			isa = XCBuildConfiguration;
			buildSettings = {
				ALWAYS_EMBED_SWIFT_STANDARD_LIBRARIES = YES;
				BUNDLE_LOADER = "$(TEST_HOST)";
				CODE_SIGN_STYLE = Automatic;
				CURRENT_PROJECT_VERSION = 1;
				DEVELOPMENT_TEAM = B38SLMQ5V3;
				GENERATE_INFOPLIST_FILE = YES;
				MARKETING_VERSION = 1.0;
				PRODUCT_BUNDLE_IDENTIFIER = com.Mitch.PracticeDashboardTests;
				PRODUCT_NAME = "$(TARGET_NAME)";
				SWIFT_EMIT_LOC_STRINGS = NO;
				SWIFT_VERSION = 5.0;
				TARGETED_DEVICE_FAMILY = 3;
				TEST_HOST = "$(BUILT_PRODUCTS_DIR)/PracticeDashboard.app/PracticeDashboard";
				TVOS_DEPLOYMENT_TARGET = 15.4;
			};
			name = Debug;
		};
		6E06790F28808FF30025FF8E /* Release */ = {
			isa = XCBuildConfiguration;
			buildSettings = {
				ALWAYS_EMBED_SWIFT_STANDARD_LIBRARIES = YES;
				BUNDLE_LOADER = "$(TEST_HOST)";
				CODE_SIGN_STYLE = Automatic;
				CURRENT_PROJECT_VERSION = 1;
				DEVELOPMENT_TEAM = B38SLMQ5V3;
				GENERATE_INFOPLIST_FILE = YES;
				MARKETING_VERSION = 1.0;
				PRODUCT_BUNDLE_IDENTIFIER = com.Mitch.PracticeDashboardTests;
				PRODUCT_NAME = "$(TARGET_NAME)";
				SWIFT_EMIT_LOC_STRINGS = NO;
				SWIFT_VERSION = 5.0;
				TARGETED_DEVICE_FAMILY = 3;
				TEST_HOST = "$(BUILT_PRODUCTS_DIR)/PracticeDashboard.app/PracticeDashboard";
				TVOS_DEPLOYMENT_TARGET = 15.4;
			};
			name = Release;
		};
		6E06791128808FF30025FF8E /* Debug */ = {
			isa = XCBuildConfiguration;
			buildSettings = {
				ALWAYS_EMBED_SWIFT_STANDARD_LIBRARIES = YES;
				CODE_SIGN_STYLE = Automatic;
				CURRENT_PROJECT_VERSION = 1;
				DEVELOPMENT_TEAM = B38SLMQ5V3;
				GENERATE_INFOPLIST_FILE = YES;
				MARKETING_VERSION = 1.0;
				PRODUCT_BUNDLE_IDENTIFIER = com.Mitch.PracticeDashboardUITests;
				PRODUCT_NAME = "$(TARGET_NAME)";
				SWIFT_EMIT_LOC_STRINGS = NO;
				SWIFT_VERSION = 5.0;
				TARGETED_DEVICE_FAMILY = 3;
				TEST_TARGET_NAME = PracticeDashboard;
			};
			name = Debug;
		};
		6E06791228808FF30025FF8E /* Release */ = {
			isa = XCBuildConfiguration;
			buildSettings = {
				ALWAYS_EMBED_SWIFT_STANDARD_LIBRARIES = YES;
				CODE_SIGN_STYLE = Automatic;
				CURRENT_PROJECT_VERSION = 1;
				DEVELOPMENT_TEAM = B38SLMQ5V3;
				GENERATE_INFOPLIST_FILE = YES;
				MARKETING_VERSION = 1.0;
				PRODUCT_BUNDLE_IDENTIFIER = com.Mitch.PracticeDashboardUITests;
				PRODUCT_NAME = "$(TARGET_NAME)";
				SWIFT_EMIT_LOC_STRINGS = NO;
				SWIFT_VERSION = 5.0;
				TARGETED_DEVICE_FAMILY = 3;
				TEST_TARGET_NAME = PracticeDashboard;
			};
			name = Release;
		};
/* End XCBuildConfiguration section */

/* Begin XCConfigurationList section */
		6E0678E128808FF10025FF8E /* Build configuration list for PBXProject "PracticeDashboard" */ = {
			isa = XCConfigurationList;
			buildConfigurations = (
				6E06790828808FF30025FF8E /* Debug */,
				6E06790928808FF30025FF8E /* Release */,
			);
			defaultConfigurationIsVisible = 0;
			defaultConfigurationName = Release;
		};
		6E06790A28808FF30025FF8E /* Build configuration list for PBXNativeTarget "PracticeDashboard" */ = {
			isa = XCConfigurationList;
			buildConfigurations = (
				6E06790B28808FF30025FF8E /* Debug */,
				6E06790C28808FF30025FF8E /* Release */,
			);
			defaultConfigurationIsVisible = 0;
			defaultConfigurationName = Release;
		};
		6E06790D28808FF30025FF8E /* Build configuration list for PBXNativeTarget "PracticeDashboardTests" */ = {
			isa = XCConfigurationList;
			buildConfigurations = (
				6E06790E28808FF30025FF8E /* Debug */,
				6E06790F28808FF30025FF8E /* Release */,
			);
			defaultConfigurationIsVisible = 0;
			defaultConfigurationName = Release;
		};
		6E06791028808FF30025FF8E /* Build configuration list for PBXNativeTarget "PracticeDashboardUITests" */ = {
			isa = XCConfigurationList;
			buildConfigurations = (
				6E06791128808FF30025FF8E /* Debug */,
				6E06791228808FF30025FF8E /* Release */,
			);
			defaultConfigurationIsVisible = 0;
			defaultConfigurationName = Release;
		};
/* End XCConfigurationList section */
	};
	rootObject = 6E0678DE28808FF10025FF8E /* Project object */;
}
